{
  "name": "lovememory",
  "lockfileVersion": 3,
  "requires": true,
  "packages": {
    "": {
      "dependencies": {
        "@pbe/react-yandex-maps": "^1.2.5",
        "pokersolver": "^2.1.4",
        "react-icons": "^5.5.0"
      }
    },
    "node_modules/@pbe/react-yandex-maps": {
      "version": "1.2.5",
      "resolved": "https://registry.npmjs.org/@pbe/react-yandex-maps/-/react-yandex-maps-1.2.5.tgz",
      "integrity": "sha512-cBojin5e1fPx9XVCAqHQJsCnHGMeBNsP0TrNfpWCrPFfxb30ye+JgcGr2mn767Gbr1d+RufBLRiUcX2kaiAwjQ==",
      "license": "MIT",
      "dependencies": {
        "@types/yandex-maps": "2.1.29"
      },
      "engines": {
        "node": ">=16"
      },
      "peerDependencies": {
        "react": "^16.x || ^17.x || ^18.x"
      }
    },
    "node_modules/@types/yandex-maps": {
      "version": "2.1.29",
      "resolved": "https://registry.npmjs.org/@types/yandex-maps/-/yandex-maps-2.1.29.tgz",
      "integrity": "sha512-nuibRWj3RU/9KXlCzTrRtDE+n6V9l7NbT9JakicqZ5OXIdwyb6blvV2Uwn6lB58WYm3DSUDP2I2AWlnWMc8z2w==",
      "license": "MIT"
    },
    "node_modules/pokersolver": {
      "version": "2.1.4",
      "resolved": "https://registry.npmjs.org/pokersolver/-/pokersolver-2.1.4.tgz",
      "integrity": "sha512-vmgZS+K8H8r1RePQykFM5YyvlKo1v3xVec8FMBjg9N6mR2Tj/n/X415w+lG67FWbrk71D/CADmKFinDgaQlAsw==",
      "engines": [
        "node >= 4.0.0"
      ],
      "license": "MIT"
    },
    "node_modules/react-icons": {
      "version": "5.5.0",
      "resolved": "https://registry.npmjs.org/react-icons/-/react-icons-5.5.0.tgz",
      "integrity": "sha512-MEFcXdkP3dLo8uumGI5xN3lDFNsRtrjbOEKDLD7yv76v4wpnEq2Lt2qeHaQOr34I/wPN3s3+N08WkQ+CW37Xiw==",
      "license": "MIT",
      "peerDependencies": {
        "react": "*"
      }
    }
  }
}
